
Microsoft Visual Studio Solution File, Format Version 12.00
# Visual Studio Version 16
VisualStudioVersion = 16.0.31613.86
MinimumVisualStudioVersion = 10.0.40219.1
Project("{FAE04EC0-301F-11D3-BF4B-00C04F79EFBC}") = "UntitledSpoopyGame", "UntitledSpoopyGame\UntitledSpoopyGame.csproj", "{C2DBC7CA-6EA7-4C61-BDE9-6FAD0199EDD0}"
EndProject
Global
	GlobalSection(SolutionConfigurationPlatforms) = preSolution
		Debug|Any CPU = Debug|Any CPU
		Release|Any CPU = Release|Any CPU
	EndGlobalSection
	GlobalSection(ProjectConfigurationPlatforms) = postSolution
		{C2DBC7CA-6EA7-4C61-BDE9-6FAD0199EDD0}.Debug|Any CPU.ActiveCfg = Debug|Any CPU
		{C2DBC7CA-6EA7-4C61-BDE9-6FAD0199EDD0}.Debug|Any CPU.Build.0 = Debug|Any CPU
		{C2DBC7CA-6EA7-4C61-BDE9-6FAD0199EDD0}.Release|Any CPU.ActiveCfg = Release|Any CPU
		{C2DBC7CA-6EA7-4C61-BDE9-6FAD0199EDD0}.Release|Any CPU.Build.0 = Release|Any CPU
	EndGlobalSection
	GlobalSection(SolutionProperties) = preSolution
		HideSolutionNode = FALSE
	EndGlobalSection
	GlobalSection(ExtensibilityGlobals) = postSolution
		SolutionGuid = {D258F3E5-3DC0-4945-BAF1-582C05FA50E2}
	EndGlobalSection
EndGlobal
